
Microsoft Visual Studio Solution File, Format Version 12.00
# Visual Studio Version 16
VisualStudioVersion = 16.0.34031.81
MinimumVisualStudioVersion = 10.0.40219.1
Project("{FAE04EC0-301F-11D3-BF4B-00C04F79EFBC}") = "FigmaToWPF", "FigmaToWPF\FigmaToWPF.csproj", "{1AEB2D57-0015-4CFE-B9F5-D72325584AE9}"
EndProject
Global
	GlobalSection(SolutionConfigurationPlatforms) = preSolution
		Debug|Any CPU = Debug|Any CPU
		Release|Any CPU = Release|Any CPU
	EndGlobalSection
	GlobalSection(ProjectConfigurationPlatforms) = postSolution
		{1AEB2D57-0015-4CFE-B9F5-D72325584AE9}.Debug|Any CPU.ActiveCfg = Debug|Any CPU
		{1AEB2D57-0015-4CFE-B9F5-D72325584AE9}.Debug|Any CPU.Build.0 = Debug|Any CPU
		{1AEB2D57-0015-4CFE-B9F5-D72325584AE9}.Release|Any CPU.ActiveCfg = Release|Any CPU
		{1AEB2D57-0015-4CFE-B9F5-D72325584AE9}.Release|Any CPU.Build.0 = Release|Any CPU
	EndGlobalSection
	GlobalSection(SolutionProperties) = preSolution
		HideSolutionNode = FALSE
	EndGlobalSection
	GlobalSection(ExtensibilityGlobals) = postSolution
		SolutionGuid = {82778752-ADD2-4438-BDA0-56E5D441458F}
	EndGlobalSection
EndGlobal
